
Microsoft Visual Studio Solution File, Format Version 12.00
Project("{FAE04EC0-301F-11D3-BF4B-00C04F79EFBC}") = "CadHotReloadUtil", "CadHotReloadUtil\CadHotReloadUtil.csproj", "{3FB10270-8FCA-4D85-A3E0-782F23F6DA4C}"
EndProject
Project("{FAE04EC0-301F-11D3-BF4B-00C04F79EFBC}") = "Ikari.Common.Utility", "..\Utility\IkariCommon.Utility\Ikari.Common.Utility\Ikari.Common.Utility.csproj", "{2725FB01-6A2C-44B5-8463-781C6F19DD64}"
EndProject
Project("{FAE04EC0-301F-11D3-BF4B-00C04F79EFBC}") = "Ikari.AutoCAD.Utility", "..\Utility\IkariCommon.Utility\Ikari.AutoCAD.Utility\Ikari.AutoCAD.Utility.csproj", "{22DC66E0-6B60-45C5-A2EA-F35327AA07E2}"
EndProject
Global
	GlobalSection(SolutionConfigurationPlatforms) = preSolution
		Debug|Any CPU = Debug|Any CPU
		Release|Any CPU = Release|Any CPU
	EndGlobalSection
	GlobalSection(ProjectConfigurationPlatforms) = postSolution
		{3FB10270-8FCA-4D85-A3E0-782F23F6DA4C}.Debug|Any CPU.ActiveCfg = Debug|Any CPU
		{3FB10270-8FCA-4D85-A3E0-782F23F6DA4C}.Debug|Any CPU.Build.0 = Debug|Any CPU
		{3FB10270-8FCA-4D85-A3E0-782F23F6DA4C}.Release|Any CPU.ActiveCfg = Release|Any CPU
		{3FB10270-8FCA-4D85-A3E0-782F23F6DA4C}.Release|Any CPU.Build.0 = Release|Any CPU
		{2725FB01-6A2C-44B5-8463-781C6F19DD64}.Debug|Any CPU.ActiveCfg = Debug|Any CPU
		{2725FB01-6A2C-44B5-8463-781C6F19DD64}.Debug|Any CPU.Build.0 = Debug|Any CPU
		{2725FB01-6A2C-44B5-8463-781C6F19DD64}.Release|Any CPU.ActiveCfg = Release|Any CPU
		{2725FB01-6A2C-44B5-8463-781C6F19DD64}.Release|Any CPU.Build.0 = Release|Any CPU
		{22DC66E0-6B60-45C5-A2EA-F35327AA07E2}.Debug|Any CPU.ActiveCfg = Debug|Any CPU
		{22DC66E0-6B60-45C5-A2EA-F35327AA07E2}.Debug|Any CPU.Build.0 = Debug|Any CPU
		{22DC66E0-6B60-45C5-A2EA-F35327AA07E2}.Release|Any CPU.ActiveCfg = Release|Any CPU
		{22DC66E0-6B60-45C5-A2EA-F35327AA07E2}.Release|Any CPU.Build.0 = Release|Any CPU
	EndGlobalSection
EndGlobal
